
Microsoft Visual Studio Solution File, Format Version 12.00
# Visual Studio Version 16
VisualStudioVersion = 16.0.34301.259
MinimumVisualStudioVersion = 10.0.40219.1
Project("{2150E333-8FDC-42A3-9474-1A3956D46DE8}") = "src", "src", "{2FAA2D8E-A2EC-4013-8423-E605AFAE91EC}"
EndProject
Project("{2150E333-8FDC-42A3-9474-1A3956D46DE8}") = "Presentations", "Presentations", "{92AEB13A-68F6-4C5F-9300-3F8C9BC0DF9C}"
EndProject
Project("{FAE04EC0-301F-11D3-BF4B-00C04F79EFBC}") = "WebApi", "apislovo\WebApi\WebApi.csproj", "{8FACAA76-B2E8-4C00-9F43-779F7A36D778}"
EndProject
Project("{2150E333-8FDC-42A3-9474-1A3956D46DE8}") = "Libraries", "Libraries", "{CB80B506-ED10-4C3B-B9A3-BB17668709C8}"
EndProject
Project("{FAE04EC0-301F-11D3-BF4B-00C04F79EFBC}") = "Services", "apislovo\Services\Services.csproj", "{4DB17E8B-6DF4-4DA3-BBC6-17199C0ECF49}"
EndProject
Project("{FAE04EC0-301F-11D3-BF4B-00C04F79EFBC}") = "Data", "apislovo\Data\Data.csproj", "{499689A1-EC91-4C4D-B2FF-4303603CFB75}"
EndProject
Project("{FAE04EC0-301F-11D3-BF4B-00C04F79EFBC}") = "Models", "apislovo\Models\Models.csproj", "{B0588AD6-32C5-4B80-A3CE-C332171EB2D3}"
EndProject
Project("{FAE04EC0-301F-11D3-BF4B-00C04F79EFBC}") = "Core", "apislovo\Core\Core.csproj", "{A5F21B1E-0E69-4800-B461-45C8BC256A5A}"
EndProject
Project("{FAE04EC0-301F-11D3-BF4B-00C04F79EFBC}") = "Caching", "apislovo\Caching\Caching.csproj", "{6BB8545F-886A-429C-99BC-47C6A15DA081}"
EndProject
Project("{FAE04EC0-301F-11D3-BF4B-00C04F79EFBC}") = "Identity", "apislovo\Identity\Identity.csproj", "{98C15652-F3C3-4277-838B-CC305FDFE65D}"
EndProject
Global
	GlobalSection(SolutionConfigurationPlatforms) = preSolution
		Debug|Any CPU = Debug|Any CPU
		Release|Any CPU = Release|Any CPU
	EndGlobalSection
	GlobalSection(ProjectConfigurationPlatforms) = postSolution
		{8FACAA76-B2E8-4C00-9F43-779F7A36D778}.Debug|Any CPU.ActiveCfg = Debug|Any CPU
		{8FACAA76-B2E8-4C00-9F43-779F7A36D778}.Debug|Any CPU.Build.0 = Debug|Any CPU
		{8FACAA76-B2E8-4C00-9F43-779F7A36D778}.Release|Any CPU.ActiveCfg = Release|Any CPU
		{8FACAA76-B2E8-4C00-9F43-779F7A36D778}.Release|Any CPU.Build.0 = Release|Any CPU
		{4DB17E8B-6DF4-4DA3-BBC6-17199C0ECF49}.Debug|Any CPU.ActiveCfg = Debug|Any CPU
		{4DB17E8B-6DF4-4DA3-BBC6-17199C0ECF49}.Debug|Any CPU.Build.0 = Debug|Any CPU
		{4DB17E8B-6DF4-4DA3-BBC6-17199C0ECF49}.Release|Any CPU.ActiveCfg = Release|Any CPU
		{4DB17E8B-6DF4-4DA3-BBC6-17199C0ECF49}.Release|Any CPU.Build.0 = Release|Any CPU
		{499689A1-EC91-4C4D-B2FF-4303603CFB75}.Debug|Any CPU.ActiveCfg = Debug|Any CPU
		{499689A1-EC91-4C4D-B2FF-4303603CFB75}.Debug|Any CPU.Build.0 = Debug|Any CPU
		{499689A1-EC91-4C4D-B2FF-4303603CFB75}.Release|Any CPU.ActiveCfg = Release|Any CPU
		{499689A1-EC91-4C4D-B2FF-4303603CFB75}.Release|Any CPU.Build.0 = Release|Any CPU
		{B0588AD6-32C5-4B80-A3CE-C332171EB2D3}.Debug|Any CPU.ActiveCfg = Debug|Any CPU
		{B0588AD6-32C5-4B80-A3CE-C332171EB2D3}.Debug|Any CPU.Build.0 = Debug|Any CPU
		{B0588AD6-32C5-4B80-A3CE-C332171EB2D3}.Release|Any CPU.ActiveCfg = Release|Any CPU
		{B0588AD6-32C5-4B80-A3CE-C332171EB2D3}.Release|Any CPU.Build.0 = Release|Any CPU
		{A5F21B1E-0E69-4800-B461-45C8BC256A5A}.Debug|Any CPU.ActiveCfg = Debug|Any CPU
		{A5F21B1E-0E69-4800-B461-45C8BC256A5A}.Debug|Any CPU.Build.0 = Debug|Any CPU
		{A5F21B1E-0E69-4800-B461-45C8BC256A5A}.Release|Any CPU.ActiveCfg = Release|Any CPU
		{A5F21B1E-0E69-4800-B461-45C8BC256A5A}.Release|Any CPU.Build.0 = Release|Any CPU
		{6BB8545F-886A-429C-99BC-47C6A15DA081}.Debug|Any CPU.ActiveCfg = Debug|Any CPU
		{6BB8545F-886A-429C-99BC-47C6A15DA081}.Debug|Any CPU.Build.0 = Debug|Any CPU
		{6BB8545F-886A-429C-99BC-47C6A15DA081}.Release|Any CPU.ActiveCfg = Release|Any CPU
		{6BB8545F-886A-429C-99BC-47C6A15DA081}.Release|Any CPU.Build.0 = Release|Any CPU
		{98C15652-F3C3-4277-838B-CC305FDFE65D}.Debug|Any CPU.ActiveCfg = Debug|Any CPU
		{98C15652-F3C3-4277-838B-CC305FDFE65D}.Debug|Any CPU.Build.0 = Debug|Any CPU
		{98C15652-F3C3-4277-838B-CC305FDFE65D}.Release|Any CPU.ActiveCfg = Release|Any CPU
		{98C15652-F3C3-4277-838B-CC305FDFE65D}.Release|Any CPU.Build.0 = Release|Any CPU
	EndGlobalSection
	GlobalSection(SolutionProperties) = preSolution
		HideSolutionNode = FALSE
	EndGlobalSection
	GlobalSection(NestedProjects) = preSolution
		{92AEB13A-68F6-4C5F-9300-3F8C9BC0DF9C} = {2FAA2D8E-A2EC-4013-8423-E605AFAE91EC}
		{8FACAA76-B2E8-4C00-9F43-779F7A36D778} = {92AEB13A-68F6-4C5F-9300-3F8C9BC0DF9C}
		{CB80B506-ED10-4C3B-B9A3-BB17668709C8} = {2FAA2D8E-A2EC-4013-8423-E605AFAE91EC}
		{4DB17E8B-6DF4-4DA3-BBC6-17199C0ECF49} = {CB80B506-ED10-4C3B-B9A3-BB17668709C8}
		{499689A1-EC91-4C4D-B2FF-4303603CFB75} = {CB80B506-ED10-4C3B-B9A3-BB17668709C8}
		{B0588AD6-32C5-4B80-A3CE-C332171EB2D3} = {CB80B506-ED10-4C3B-B9A3-BB17668709C8}
		{A5F21B1E-0E69-4800-B461-45C8BC256A5A} = {CB80B506-ED10-4C3B-B9A3-BB17668709C8}
		{6BB8545F-886A-429C-99BC-47C6A15DA081} = {CB80B506-ED10-4C3B-B9A3-BB17668709C8}
		{98C15652-F3C3-4277-838B-CC305FDFE65D} = {CB80B506-ED10-4C3B-B9A3-BB17668709C8}
	EndGlobalSection
	GlobalSection(ExtensibilityGlobals) = postSolution
		SolutionGuid = {926680DC-C257-4DEC-8301-150CBDF2F554}
	EndGlobalSection
EndGlobal
